{
  "nodes": {
    "devour-flake": {
      "flake": false,
      "locked": {
        "lastModified": 1699698810,
        "narHash": "sha256-LapKkHNZ8D3k/uLaJjmGxx7GuYRinGBxEkIAGb/8pCo=",
        "owner": "srid",
        "repo": "devour-flake",
        "rev": "95f6636b6c6fffbb1f2f3f821156a968c347f15c",
        "type": "github"
      },
      "original": {
        "owner": "srid",
        "repo": "devour-flake",
        "type": "github"
      }
    },
    "flake-utils": {
      "inputs": {
        "systems": [
          "systems"
        ]
      },
      "locked": {
        "lastModified": 1694529238,
        "narHash": "sha256-zsNZZGTGnMOf9YpHKJqMSsa0dXbfmxeoJ7xHlrt+xmY=",
        "owner": "numtide",
        "repo": "flake-utils",
        "rev": "ff7b65b44d01cf9ba6a71320833626af21126384",
        "type": "github"
      },
      "original": {
        "owner": "numtide",
        "repo": "flake-utils",
        "type": "github"
      }
    },
    "nixpkgs": {
      "locked": {
        "lastModified": 1699343069,
        "narHash": "sha256-s7BBhyLA6MI6FuJgs4F/SgpntHBzz40/qV0xLPW6A1Q=",
        "owner": "NixOS",
        "repo": "nixpkgs",
        "rev": "ec750fd01963ab6b20ee1f0cb488754e8036d89d",
        "type": "github"
      },
      "original": {
        "owner": "NixOS",
        "ref": "nixpkgs-unstable",
        "repo": "nixpkgs",
        "type": "github"
      }
    },
    "root": {
      "inputs": {
        "devour-flake": "devour-flake",
        "flake-utils": "flake-utils",
        "nixpkgs": "nixpkgs",
        "systems": "systems"
      }
    },
    "systems": {
      "locked": {
        "lastModified": 1689347949,
        "narHash": "sha256-12tWmuL2zgBgZkdoB6qXZsgJEH9LR3oUgpaQq2RbI80=",
        "owner": "nix-systems",
        "repo": "default-linux",
        "rev": "31732fcf5e8fea42e59c2488ad31a0e651500f68",
        "type": "github"
      },
      "original": {
        "owner": "nix-systems",
        "repo": "default-linux",
        "type": "github"
      }
    }
  },
  "root": "root",
  "version": 7
}
